
Microsoft Visual Studio Solution File, Format Version 12.00
# Visual Studio Version 16
VisualStudioVersion = 16.0.28803.202
MinimumVisualStudioVersion = 10.0.40219.1
Project("{FAE04EC0-301F-11D3-BF4B-00C04F79EFBC}") = "CouponManager.Api", "CouponManager.Api\CouponManager.Api.csproj", "{4ADBD460-983A-4AF8-A7DD-F941AD709555}"
EndProject
Global
	GlobalSection(SolutionConfigurationPlatforms) = preSolution
		Debug|Any CPU = Debug|Any CPU
		Release|Any CPU = Release|Any CPU
	EndGlobalSection
	GlobalSection(ProjectConfigurationPlatforms) = postSolution
		{4ADBD460-983A-4AF8-A7DD-F941AD709555}.Debug|Any CPU.ActiveCfg = Debug|Any CPU
		{4ADBD460-983A-4AF8-A7DD-F941AD709555}.Debug|Any CPU.Build.0 = Debug|Any CPU
		{4ADBD460-983A-4AF8-A7DD-F941AD709555}.Release|Any CPU.ActiveCfg = Release|Any CPU
		{4ADBD460-983A-4AF8-A7DD-F941AD709555}.Release|Any CPU.Build.0 = Release|Any CPU
	EndGlobalSection
	GlobalSection(SolutionProperties) = preSolution
		HideSolutionNode = FALSE
	EndGlobalSection
	GlobalSection(ExtensibilityGlobals) = postSolution
		SolutionGuid = {6654D3EC-68E3-4555-91F6-03A48FD4AFCB}
	EndGlobalSection
EndGlobal
